PODS:
  - AEXML (3.0.0)
  - FlatUIColors (0.3.0)
  - ITSwitch (1.0)
  - Nimble (4.0.1)
  - Quick (0.9.2)
  - Swinject (1.1.2)

DEPENDENCIES:
  - AEXML
  - FlatUIColors
  - ITSwitch
  - Nimble
  - Quick
  - Swinject

SPEC CHECKSUMS:
  AEXML: 716fb0a8decba4a3517324a71fee3685b30233d2
  FlatUIColors: d4a5a0a8c1b61da6383946a1208cc27e440e3922
  ITSwitch: 7ff745d6f2a6910e9194b23e4eab9a843258a478
  Nimble: 0f3c8b8b084cda391209c3c5efbb48bedeeb920a
  Quick: 18d057bc66451eedd5d1c8dc99ba2a5db6e60226
  Swinject: 3debc5ac926dcd1be00947265a9db7a5f31b272a

PODFILE CHECKSUM: 42a5d8a833fa3dc7b9014e8017f828daa1b9b09f

COCOAPODS: 1.0.1
