// !$*UTF8*$!
{
	archiveVersion = 1;
	classes = {
	};
	objectVersion = 46;
	objects = {

/* Begin PBXBuildFile section */
		015B42217C9A1AF054B9B6F0 /* Pods_ParrotStatusTests.framework in Frameworks */ = {isa = PBXBuildFile; fileRef = E205BDFEC980F693102E00E3 /* Pods_ParrotStatusTests.framework */; };
		2F04D5551D10CA2100423046 /* DisconnectedViewController.swift in Sources */ = {isa = PBXBuildFile; fileRef = 2F04D5541D10CA2100423046 /* DisconnectedViewController.swift */; };
		2F04D5581D10F39A00423046 /* NSViewExtensions.swift in Sources */ = {isa = PBXBuildFile; fileRef = 2F04D5571D10F39A00423046 /* NSViewExtensions.swift */; };
		2F04D55D1D11005600423046 /* FontAwesome.otf in Resources */ = {isa = PBXBuildFile; fileRef = 2F04D55C1D11005600423046 /* FontAwesome.otf */; };
		2F0A2CBD1D0EA08B0091616A /* SoftwareVersionAnswer.xml in Resources */ = {isa = PBXBuildFile; fileRef = 2F3683281D0E911F00E55E87 /* SoftwareVersionAnswer.xml */; };
		2F0A2CE01D0EA1100091616A /* NoiseCancellationStatusAnswer.xml in Resources */ = {isa = PBXBuildFile; fileRef = 2F3683381D0E917E00E55E87 /* NoiseCancellationStatusAnswer.xml */; };
		2F0A2CE71D0EA1130091616A /* BatteryInfoAnswer.xml in Resources */ = {isa = PBXBuildFile; fileRef = 2F3683411D0E91A800E55E87 /* BatteryInfoAnswer.xml */; };
		2F74730D1D0F74CE0050B0A4 /* ZikMenuViewController.swift in Sources */ = {isa = PBXBuildFile; fileRef = 2F74730C1D0F74CE0050B0A4 /* ZikMenuViewController.swift */; };
		2F74730F1D0FB0960050B0A4 /* ApplicationContext.swift in Sources */ = {isa = PBXBuildFile; fileRef = 2F74730E1D0FB0960050B0A4 /* ApplicationContext.swift */; };
		2FB287A51C9A3BFD00C4A53E /* AppDelegate.swift in Sources */ = {isa = PBXBuildFile; fileRef = 2FB287A41C9A3BFD00C4A53E /* AppDelegate.swift */; };
		2FB287A91C9A3BFD00C4A53E /* Assets.xcassets in Resources */ = {isa = PBXBuildFile; fileRef = 2FB287A81C9A3BFD00C4A53E /* Assets.xcassets */; };
		2FB287AC1C9A3BFD00C4A53E /* Main.storyboard in Resources */ = {isa = PBXBuildFile; fileRef = 2FB287AA1C9A3BFD00C4A53E /* Main.storyboard */; };
		3FC7102663FAE6E939B82B3E /* BTCommunicationService.swift in Sources */ = {isa = PBXBuildFile; fileRef = 3FC71D4D3FDF5796E37CEE55 /* BTCommunicationService.swift */; };
		3FC710CB503C4402089FC5C6 /* ParrotZikEndpoints.swift in Sources */ = {isa = PBXBuildFile; fileRef = 3FC7113FB1F7998882EF81C7 /* ParrotZikEndpoints.swift */; };
		3FC711D396482D259D1F67D5 /* ZikMenu.swift in Sources */ = {isa = PBXBuildFile; fileRef = 3FC7121330F15EBF6BC13E0A /* ZikMenu.swift */; };
		3FC71BC9F449E9C9A021FBCB /* ParrotRequestProtocol.swift in Sources */ = {isa = PBXBuildFile; fileRef = 3FC711AD684052C6576C866A /* ParrotRequestProtocol.swift */; };
		3FC71C5C73C7B60EE0E6A39D /* BTResponseHandler.swift in Sources */ = {isa = PBXBuildFile; fileRef = 3FC710512DB7F6DBBBCC7894 /* BTResponseHandler.swift */; };
		3FC71C688BD5CA9499CC15AA /* ZikResponseHandlerTest.swift in Sources */ = {isa = PBXBuildFile; fileRef = 3FC717DE9317BEA2D91078A2 /* ZikResponseHandlerTest.swift */; };
		3FC71D7B0336AA9C80F5FC09 /* DeviceState.swift in Sources */ = {isa = PBXBuildFile; fileRef = 3FC7187853617CA4FD75203B /* DeviceState.swift */; };
		3FC71DE661D5A6D3354A9663 /* ParrotZik2Api.swift in Sources */ = {isa = PBXBuildFile; fileRef = 3FC71DFD440B6D0849D599E8 /* ParrotZik2Api.swift */; };
		3FC71EDC9C6EB259D95933A2 /* BTConnectionService.swift in Sources */ = {isa = PBXBuildFile; fileRef = 3FC710F1C056A192B314F837 /* BTConnectionService.swift */; };
		976FCE7E3D93E092BBEC7283 /* Pods_ParrotStatus.framework in Frameworks */ = {isa = PBXBuildFile; fileRef = 1DB61BD46668A229D9CBD8A6 /* Pods_ParrotStatus.framework */; };
/* End PBXBuildFile section */

/* Begin PBXContainerItemProxy section */
		2FB287B31C9A3BFD00C4A53E /* PBXContainerItemProxy */ = {
			isa = PBXContainerItemProxy;
			containerPortal = 2FB287991C9A3BFD00C4A53E /* Project object */;
			proxyType = 1;
			remoteGlobalIDString = 2FB287A01C9A3BFD00C4A53E;
			remoteInfo = ParrotStatus;
		};
/* End PBXContainerItemProxy section */

/* Begin PBXFileReference section */
		066711D2111939AF9EA36E92 /* Pods-ParrotStatusTests.release.xcconfig */ = {isa = PBXFileReference; includeInIndex = 1; lastKnownFileType = text.xcconfig; name = "Pods-ParrotStatusTests.release.xcconfig"; path = "Pods/Target Support Files/Pods-ParrotStatusTests/Pods-ParrotStatusTests.release.xcconfig"; sourceTree = "<group>"; };
		157A45AE87C38D5711CC58C4 /* Pods-ParrotStatus.debug.xcconfig */ = {isa = PBXFileReference; includeInIndex = 1; lastKnownFileType = text.xcconfig; name = "Pods-ParrotStatus.debug.xcconfig"; path = "Pods/Target Support Files/Pods-ParrotStatus/Pods-ParrotStatus.debug.xcconfig"; sourceTree = "<group>"; };
		1DB61BD46668A229D9CBD8A6 /* Pods_ParrotStatus.framework */ = {isa = PBXFileReference; explicitFileType = wrapper.framework; includeInIndex = 0; path = Pods_ParrotStatus.framework; sourceTree = BUILT_PRODUCTS_DIR; };
		2F04D5541D10CA2100423046 /* DisconnectedViewController.swift */ = {isa = PBXFileReference; fileEncoding = 4; lastKnownFileType = sourcecode.swift; path = DisconnectedViewController.swift; sourceTree = "<group>"; };
		2F04D5571D10F39A00423046 /* NSViewExtensions.swift */ = {isa = PBXFileReference; fileEncoding = 4; lastKnownFileType = sourcecode.swift; path = NSViewExtensions.swift; sourceTree = "<group>"; };
		2F04D55C1D11005600423046 /* FontAwesome.otf */ = {isa = PBXFileReference; lastKnownFileType = file; name = FontAwesome.otf; path = fonts/FontAwesome.otf; sourceTree = "<group>"; };
		2F3683281D0E911F00E55E87 /* SoftwareVersionAnswer.xml */ = {isa = PBXFileReference; fileEncoding = 4; lastKnownFileType = text.xml; path = SoftwareVersionAnswer.xml; sourceTree = "<group>"; };
		2F3683381D0E917E00E55E87 /* NoiseCancellationStatusAnswer.xml */ = {isa = PBXFileReference; fileEncoding = 4; lastKnownFileType = text.xml; path = NoiseCancellationStatusAnswer.xml; sourceTree = "<group>"; };
		2F3683411D0E91A800E55E87 /* BatteryInfoAnswer.xml */ = {isa = PBXFileReference; fileEncoding = 4; lastKnownFileType = text.xml; path = BatteryInfoAnswer.xml; sourceTree = "<group>"; };
		2F74730C1D0F74CE0050B0A4 /* ZikMenuViewController.swift */ = {isa = PBXFileReference; fileEncoding = 4; lastKnownFileType = sourcecode.swift; path = ZikMenuViewController.swift; sourceTree = "<group>"; };
		2F74730E1D0FB0960050B0A4 /* ApplicationContext.swift */ = {isa = PBXFileReference; fileEncoding = 4; lastKnownFileType = sourcecode.swift; path = ApplicationContext.swift; sourceTree = "<group>"; };
		2FB287A11C9A3BFD00C4A53E /* ParrotStatus.app */ = {isa = PBXFileReference; explicitFileType = wrapper.application; includeInIndex = 0; path = ParrotStatus.app; sourceTree = BUILT_PRODUCTS_DIR; };
		2FB287A41C9A3BFD00C4A53E /* AppDelegate.swift */ = {isa = PBXFileReference; lastKnownFileType = sourcecode.swift; path = AppDelegate.swift; sourceTree = "<group>"; };
		2FB287A81C9A3BFD00C4A53E /* Assets.xcassets */ = {isa = PBXFileReference; lastKnownFileType = folder.assetcatalog; path = Assets.xcassets; sourceTree = "<group>"; };
		2FB287AB1C9A3BFD00C4A53E /* Base */ = {isa = PBXFileReference; lastKnownFileType = file.storyboard; name = Base; path = Base.lproj/Main.storyboard; sourceTree = "<group>"; };
		2FB287B21C9A3BFD00C4A53E /* ParrotStatusTests.xctest */ = {isa = PBXFileReference; explicitFileType = wrapper.cfbundle; includeInIndex = 0; path = ParrotStatusTests.xctest; sourceTree = BUILT_PRODUCTS_DIR; };
		2FB287B81C9A3BFD00C4A53E /* Info.plist */ = {isa = PBXFileReference; lastKnownFileType = text.plist.xml; path = Info.plist; sourceTree = "<group>"; };
		2FF544341D1006AD00E1B040 /* parrot-bridging-header.h */ = {isa = PBXFileReference; fileEncoding = 4; lastKnownFileType = sourcecode.c.h; path = "parrot-bridging-header.h"; sourceTree = "<group>"; };
		3FC710512DB7F6DBBBCC7894 /* BTResponseHandler.swift */ = {isa = PBXFileReference; fileEncoding = 4; lastKnownFileType = sourcecode.swift; path = BTResponseHandler.swift; sourceTree = "<group>"; };
		3FC710F1C056A192B314F837 /* BTConnectionService.swift */ = {isa = PBXFileReference; fileEncoding = 4; lastKnownFileType = sourcecode.swift; path = BTConnectionService.swift; sourceTree = "<group>"; };
		3FC7113FB1F7998882EF81C7 /* ParrotZikEndpoints.swift */ = {isa = PBXFileReference; fileEncoding = 4; lastKnownFileType = sourcecode.swift; path = ParrotZikEndpoints.swift; sourceTree = "<group>"; };
		3FC711AD684052C6576C866A /* ParrotRequestProtocol.swift */ = {isa = PBXFileReference; fileEncoding = 4; lastKnownFileType = sourcecode.swift; path = ParrotRequestProtocol.swift; sourceTree = "<group>"; };
		3FC7121330F15EBF6BC13E0A /* ZikMenu.swift */ = {isa = PBXFileReference; fileEncoding = 4; lastKnownFileType = sourcecode.swift; name = ZikMenu.swift; path = views/ZikMenu.swift; sourceTree = "<group>"; };
		3FC717DE9317BEA2D91078A2 /* ZikResponseHandlerTest.swift */ = {isa = PBXFileReference; fileEncoding = 4; lastKnownFileType = sourcecode.swift; path = ZikResponseHandlerTest.swift; sourceTree = "<group>"; };
		3FC7187853617CA4FD75203B /* DeviceState.swift */ = {isa = PBXFileReference; fileEncoding = 4; lastKnownFileType = sourcecode.swift; path = DeviceState.swift; sourceTree = "<group>"; };
		3FC71BD4DAE16E0059B9EAD2 /* Info.plist */ = {isa = PBXFileReference; fileEncoding = 4; lastKnownFileType = text.plist.info; path = Info.plist; sourceTree = "<group>"; };
		3FC71D4D3FDF5796E37CEE55 /* BTCommunicationService.swift */ = {isa = PBXFileReference; fileEncoding = 4; lastKnownFileType = sourcecode.swift; path = BTCommunicationService.swift; sourceTree = "<group>"; };
		3FC71DFD440B6D0849D599E8 /* ParrotZik2Api.swift */ = {isa = PBXFileReference; fileEncoding = 4; lastKnownFileType = sourcecode.swift; path = ParrotZik2Api.swift; sourceTree = "<group>"; };
		507EC4DFA842FEC00BC5D70C /* Pods-ParrotStatus.release.xcconfig */ = {isa = PBXFileReference; includeInIndex = 1; lastKnownFileType = text.xcconfig; name = "Pods-ParrotStatus.release.xcconfig"; path = "Pods/Target Support Files/Pods-ParrotStatus/Pods-ParrotStatus.release.xcconfig"; sourceTree = "<group>"; };
		6B37E7D9612B337A8121257B /* Pods-ParrotStatusTests.debug.xcconfig */ = {isa = PBXFileReference; includeInIndex = 1; lastKnownFileType = text.xcconfig; name = "Pods-ParrotStatusTests.debug.xcconfig"; path = "Pods/Target Support Files/Pods-ParrotStatusTests/Pods-ParrotStatusTests.debug.xcconfig"; sourceTree = "<group>"; };
		E205BDFEC980F693102E00E3 /* Pods_ParrotStatusTests.framework */ = {isa = PBXFileReference; explicitFileType = wrapper.framework; includeInIndex = 0; path = Pods_ParrotStatusTests.framework; sourceTree = BUILT_PRODUCTS_DIR; };
/* End PBXFileReference section */

/* Begin PBXFrameworksBuildPhase section */
		2FB2879E1C9A3BFD00C4A53E /* Frameworks */ = {
			isa = PBXFrameworksBuildPhase;
			buildActionMask = 2147483647;
			files = (
				976FCE7E3D93E092BBEC7283 /* Pods_ParrotStatus.framework in Frameworks */,
			);
			runOnlyForDeploymentPostprocessing = 0;
		};
		2FB287AF1C9A3BFD00C4A53E /* Frameworks */ = {
			isa = PBXFrameworksBuildPhase;
			buildActionMask = 2147483647;
			files = (
				015B42217C9A1AF054B9B6F0 /* Pods_ParrotStatusTests.framework in Frameworks */,
			);
			runOnlyForDeploymentPostprocessing = 0;
		};
/* End PBXFrameworksBuildPhase section */

/* Begin PBXGroup section */
		2F04D5561D10F38300423046 /* common */ = {
			isa = PBXGroup;
			children = (
				2F04D5571D10F39A00423046 /* NSViewExtensions.swift */,
			);
			name = common;
			sourceTree = "<group>";
		};
		2F1890341D0F6F44008C6BEA /* views */ = {
			isa = PBXGroup;
			children = (
				3FC7121330F15EBF6BC13E0A /* ZikMenu.swift */,
				2FB287AA1C9A3BFD00C4A53E /* Main.storyboard */,
			);
			name = views;
			sourceTree = "<group>";
		};
		2F3682811D0E8C6300E55E87 /* resources */ = {
			isa = PBXGroup;
			children = (
				2FB287B81C9A3BFD00C4A53E /* Info.plist */,
				2F3683281D0E911F00E55E87 /* SoftwareVersionAnswer.xml */,
				2F3683381D0E917E00E55E87 /* NoiseCancellationStatusAnswer.xml */,
				2F3683411D0E91A800E55E87 /* BatteryInfoAnswer.xml */,
			);
			path = resources;
			sourceTree = "<group>";
		};
		2FB287981C9A3BFD00C4A53E = {
			isa = PBXGroup;
			children = (
				2FB287A31C9A3BFD00C4A53E /* ParrotStatus */,
				2FB287B51C9A3BFD00C4A53E /* ParrotStatusTests */,
				2FB287A21C9A3BFD00C4A53E /* Products */,
				8E6A9D4C96A5BF8D4023F414 /* Pods */,
				D5CA8440091091198168CA28 /* Frameworks */,
			);
			sourceTree = "<group>";
		};
		2FB287A21C9A3BFD00C4A53E /* Products */ = {
			isa = PBXGroup;
			children = (
				2FB287A11C9A3BFD00C4A53E /* ParrotStatus.app */,
				2FB287B21C9A3BFD00C4A53E /* ParrotStatusTests.xctest */,
			);
			name = Products;
			sourceTree = "<group>";
		};
		2FB287A31C9A3BFD00C4A53E /* ParrotStatus */ = {
			isa = PBXGroup;
			children = (
				2F04D5561D10F38300423046 /* common */,
				2FF544341D1006AD00E1B040 /* parrot-bridging-header.h */,
				2FB287A41C9A3BFD00C4A53E /* AppDelegate.swift */,
				2FB287A81C9A3BFD00C4A53E /* Assets.xcassets */,
				2F1890341D0F6F44008C6BEA /* views */,
				3FC7138D80D52ED494CC3DA2 /* controllers */,
				3FC71702503BC7A3B88B5F5A /* models */,
				3FC71CD6E02C6AF1B630F8BD /* services */,
				3FC715DE042079FFEEFBFAC0 /* zikAPI */,
				3FC718975113FB093459FD16 /* resources */,
				2F74730E1D0FB0960050B0A4 /* ApplicationContext.swift */,
			);
			path = ParrotStatus;
			sourceTree = "<group>";
		};
		2FB287B51C9A3BFD00C4A53E /* ParrotStatusTests */ = {
			isa = PBXGroup;
			children = (
				2F3682811D0E8C6300E55E87 /* resources */,
				3FC717A94A09A51FDB4A3D17 /* services */,
			);
			path = ParrotStatusTests;
			sourceTree = "<group>";
		};
		3FC7138D80D52ED494CC3DA2 /* controllers */ = {
			isa = PBXGroup;
			children = (
				2F74730C1D0F74CE0050B0A4 /* ZikMenuViewController.swift */,
				2F04D5541D10CA2100423046 /* DisconnectedViewController.swift */,
			);
			path = controllers;
			sourceTree = "<group>";
		};
		3FC715DE042079FFEEFBFAC0 /* zikAPI */ = {
			isa = PBXGroup;
			children = (
				3FC711AD684052C6576C866A /* ParrotRequestProtocol.swift */,
				3FC7113FB1F7998882EF81C7 /* ParrotZikEndpoints.swift */,
				3FC71DFD440B6D0849D599E8 /* ParrotZik2Api.swift */,
			);
			path = zikAPI;
			sourceTree = "<group>";
		};
		3FC71702503BC7A3B88B5F5A /* models */ = {
			isa = PBXGroup;
			children = (
				3FC7187853617CA4FD75203B /* DeviceState.swift */,
			);
			path = models;
			sourceTree = "<group>";
		};
		3FC717A94A09A51FDB4A3D17 /* services */ = {
			isa = PBXGroup;
			children = (
				3FC717DE9317BEA2D91078A2 /* ZikResponseHandlerTest.swift */,
			);
			path = services;
			sourceTree = "<group>";
		};
		3FC718975113FB093459FD16 /* resources */ = {
			isa = PBXGroup;
			children = (
				2F04D55C1D11005600423046 /* FontAwesome.otf */,
				3FC71BD4DAE16E0059B9EAD2 /* Info.plist */,
			);
			path = resources;
			sourceTree = "<group>";
		};
		3FC71CD6E02C6AF1B630F8BD /* services */ = {
			isa = PBXGroup;
			children = (
				3FC710F1C056A192B314F837 /* BTConnectionService.swift */,
				3FC71D4D3FDF5796E37CEE55 /* BTCommunicationService.swift */,
				3FC710512DB7F6DBBBCC7894 /* BTResponseHandler.swift */,
			);
			path = services;
			sourceTree = "<group>";
		};
		8E6A9D4C96A5BF8D4023F414 /* Pods */ = {
			isa = PBXGroup;
			children = (
				157A45AE87C38D5711CC58C4 /* Pods-ParrotStatus.debug.xcconfig */,
				507EC4DFA842FEC00BC5D70C /* Pods-ParrotStatus.release.xcconfig */,
				6B37E7D9612B337A8121257B /* Pods-ParrotStatusTests.debug.xcconfig */,
				066711D2111939AF9EA36E92 /* Pods-ParrotStatusTests.release.xcconfig */,
			);
			name = Pods;
			sourceTree = "<group>";
		};
		D5CA8440091091198168CA28 /* Frameworks */ = {
			isa = PBXGroup;
			children = (
				1DB61BD46668A229D9CBD8A6 /* Pods_ParrotStatus.framework */,
				E205BDFEC980F693102E00E3 /* Pods_ParrotStatusTests.framework */,
			);
			name = Frameworks;
			sourceTree = "<group>";
		};
/* End PBXGroup section */

/* Begin PBXNativeTarget section */
		2FB287A01C9A3BFD00C4A53E /* ParrotStatus */ = {
			isa = PBXNativeTarget;
			buildConfigurationList = 2FB287C61C9A3BFD00C4A53E /* Build configuration list for PBXNativeTarget "ParrotStatus" */;
			buildPhases = (
				838CF1C4097F6F2F33DDAFE8 /* [CP] Check Pods Manifest.lock */,
				2FB2879D1C9A3BFD00C4A53E /* Sources */,
				2FB2879E1C9A3BFD00C4A53E /* Frameworks */,
				2FB2879F1C9A3BFD00C4A53E /* Resources */,
				2F79A1341D0DE88B006D6DC0 /* SwiftLint */,
				2445577EC3FAC52D149CC797 /* [CP] Embed Pods Frameworks */,
				644C11273BA4BE1723B54EE2 /* [CP] Copy Pods Resources */,
			);
			buildRules = (
			);
			dependencies = (
			);
			name = ParrotStatus;
			productName = ParrotStatus;
			productReference = 2FB287A11C9A3BFD00C4A53E /* ParrotStatus.app */;
			productType = "com.apple.product-type.application";
		};
		2FB287B11C9A3BFD00C4A53E /* ParrotStatusTests */ = {
			isa = PBXNativeTarget;
			buildConfigurationList = 2FB287C91C9A3BFD00C4A53E /* Build configuration list for PBXNativeTarget "ParrotStatusTests" */;
			buildPhases = (
				20599217A7A9F1DCB29C5178 /* [CP] Check Pods Manifest.lock */,
				2FB287AE1C9A3BFD00C4A53E /* Sources */,
				2FB287AF1C9A3BFD00C4A53E /* Frameworks */,
				2FB287B01C9A3BFD00C4A53E /* Resources */,
				488F18A98A7ECD62368CDCBB /* [CP] Embed Pods Frameworks */,
				810AB49128A18C479A117878 /* [CP] Copy Pods Resources */,
			);
			buildRules = (
			);
			dependencies = (
				2FB287B41C9A3BFD00C4A53E /* PBXTargetDependency */,
			);
			name = ParrotStatusTests;
			productName = ParrotStatusTests;
			productReference = 2FB287B21C9A3BFD00C4A53E /* ParrotStatusTests.xctest */;
			productType = "com.apple.product-type.bundle.unit-test";
		};
/* End PBXNativeTarget section */

/* Begin PBXProject section */
		2FB287991C9A3BFD00C4A53E /* Project object */ = {
			isa = PBXProject;
			attributes = {
				LastSwiftUpdateCheck = 0720;
				LastUpgradeCheck = 0720;
				ORGANIZATIONNAME = urbanhill;
				TargetAttributes = {
					2FB287A01C9A3BFD00C4A53E = {
						CreatedOnToolsVersion = 7.2;
					};
					2FB287B11C9A3BFD00C4A53E = {
						CreatedOnToolsVersion = 7.2;
						TestTargetID = 2FB287A01C9A3BFD00C4A53E;
					};
				};
			};
			buildConfigurationList = 2FB2879C1C9A3BFD00C4A53E /* Build configuration list for PBXProject "ParrotStatus" */;
			compatibilityVersion = "Xcode 3.2";
			developmentRegion = English;
			hasScannedForEncodings = 0;
			knownRegions = (
				en,
				Base,
			);
			mainGroup = 2FB287981C9A3BFD00C4A53E;
			productRefGroup = 2FB287A21C9A3BFD00C4A53E /* Products */;
			projectDirPath = "";
			projectRoot = "";
			targets = (
				2FB287A01C9A3BFD00C4A53E /* ParrotStatus */,
				2FB287B11C9A3BFD00C4A53E /* ParrotStatusTests */,
			);
		};
/* End PBXProject section */

/* Begin PBXResourcesBuildPhase section */
		2FB2879F1C9A3BFD00C4A53E /* Resources */ = {
			isa = PBXResourcesBuildPhase;
			buildActionMask = 2147483647;
			files = (
				2FB287A91C9A3BFD00C4A53E /* Assets.xcassets in Resources */,
				2FB287AC1C9A3BFD00C4A53E /* Main.storyboard in Resources */,
				2F04D55D1D11005600423046 /* FontAwesome.otf in Resources */,
			);
			runOnlyForDeploymentPostprocessing = 0;
		};
		2FB287B01C9A3BFD00C4A53E /* Resources */ = {
			isa = PBXResourcesBuildPhase;
			buildActionMask = 2147483647;
			files = (
				2F0A2CBD1D0EA08B0091616A /* SoftwareVersionAnswer.xml in Resources */,
				2F0A2CE01D0EA1100091616A /* NoiseCancellationStatusAnswer.xml in Resources */,
				2F0A2CE71D0EA1130091616A /* BatteryInfoAnswer.xml in Resources */,
			);
			runOnlyForDeploymentPostprocessing = 0;
		};
/* End PBXResourcesBuildPhase section */

/* Begin PBXShellScriptBuildPhase section */
		20599217A7A9F1DCB29C5178 /* [CP] Check Pods Manifest.lock */ = {
			isa = PBXShellScriptBuildPhase;
			buildActionMask = 2147483647;
			files = (
			);
			inputPaths = (
			);
			name = "[CP] Check Pods Manifest.lock";
			outputPaths = (
			);
			runOnlyForDeploymentPostprocessing = 0;
			shellPath = /bin/sh;
			shellScript = "diff \"${PODS_ROOT}/../Podfile.lock\" \"${PODS_ROOT}/Manifest.lock\" > /dev/null\nif [[ $? != 0 ]] ; then\n    cat << EOM\nerror: The sandbox is not in sync with the Podfile.lock. Run 'pod install' or update your CocoaPods installation.\nEOM\n    exit 1\nfi\n";
			showEnvVarsInLog = 0;
		};
		2445577EC3FAC52D149CC797 /* [CP] Embed Pods Frameworks */ = {
			isa = PBXShellScriptBuildPhase;
			buildActionMask = 2147483647;
			files = (
			);
			inputPaths = (
			);
			name = "[CP] Embed Pods Frameworks";
			outputPaths = (
			);
			runOnlyForDeploymentPostprocessing = 0;
			shellPath = /bin/sh;
			shellScript = "\"${SRCROOT}/Pods/Target Support Files/Pods-ParrotStatus/Pods-ParrotStatus-frameworks.sh\"\n";
			showEnvVarsInLog = 0;
		};
		2F79A1341D0DE88B006D6DC0 /* SwiftLint */ = {
			isa = PBXShellScriptBuildPhase;
			buildActionMask = 2147483647;
			files = (
			);
			inputPaths = (
			);
			name = SwiftLint;
			outputPaths = (
			);
			runOnlyForDeploymentPostprocessing = 0;
			shellPath = /bin/sh;
			shellScript = "if which swiftlint >/dev/null; then\n    swiftlint\nelse\n    echo \"warning: SwiftLint not installed, download from https://github.com/realm/SwiftLint\"\nfi";
		};
		488F18A98A7ECD62368CDCBB /* [CP] Embed Pods Frameworks */ = {
			isa = PBXShellScriptBuildPhase;
			buildActionMask = 2147483647;
			files = (
			);
			inputPaths = (
			);
			name = "[CP] Embed Pods Frameworks";
			outputPaths = (
			);
			runOnlyForDeploymentPostprocessing = 0;
			shellPath = /bin/sh;
			shellScript = "\"${SRCROOT}/Pods/Target Support Files/Pods-ParrotStatusTests/Pods-ParrotStatusTests-frameworks.sh\"\n";
			showEnvVarsInLog = 0;
		};
		644C11273BA4BE1723B54EE2 /* [CP] Copy Pods Resources */ = {
			isa = PBXShellScriptBuildPhase;
			buildActionMask = 2147483647;
			files = (
			);
			inputPaths = (
			);
			name = "[CP] Copy Pods Resources";
			outputPaths = (
			);
			runOnlyForDeploymentPostprocessing = 0;
			shellPath = /bin/sh;
			shellScript = "\"${SRCROOT}/Pods/Target Support Files/Pods-ParrotStatus/Pods-ParrotStatus-resources.sh\"\n";
			showEnvVarsInLog = 0;
		};
		810AB49128A18C479A117878 /* [CP] Copy Pods Resources */ = {
			isa = PBXShellScriptBuildPhase;
			buildActionMask = 2147483647;
			files = (
			);
			inputPaths = (
			);
			name = "[CP] Copy Pods Resources";
			outputPaths = (
			);
			runOnlyForDeploymentPostprocessing = 0;
			shellPath = /bin/sh;
			shellScript = "\"${SRCROOT}/Pods/Target Support Files/Pods-ParrotStatusTests/Pods-ParrotStatusTests-resources.sh\"\n";
			showEnvVarsInLog = 0;
		};
		838CF1C4097F6F2F33DDAFE8 /* [CP] Check Pods Manifest.lock */ = {
			isa = PBXShellScriptBuildPhase;
			buildActionMask = 2147483647;
			files = (
			);
			inputPaths = (
			);
			name = "[CP] Check Pods Manifest.lock";
			outputPaths = (
			);
			runOnlyForDeploymentPostprocessing = 0;
			shellPath = /bin/sh;
			shellScript = "diff \"${PODS_ROOT}/../Podfile.lock\" \"${PODS_ROOT}/Manifest.lock\" > /dev/null\nif [[ $? != 0 ]] ; then\n    cat << EOM\nerror: The sandbox is not in sync with the Podfile.lock. Run 'pod install' or update your CocoaPods installation.\nEOM\n    exit 1\nfi\n";
			showEnvVarsInLog = 0;
		};
/* End PBXShellScriptBuildPhase section */

/* Begin PBXSourcesBuildPhase section */
		2FB2879D1C9A3BFD00C4A53E /* Sources */ = {
			isa = PBXSourcesBuildPhase;
			buildActionMask = 2147483647;
			files = (
				2FB287A51C9A3BFD00C4A53E /* AppDelegate.swift in Sources */,
				3FC711D396482D259D1F67D5 /* ZikMenu.swift in Sources */,
				3FC71D7B0336AA9C80F5FC09 /* DeviceState.swift in Sources */,
				3FC71EDC9C6EB259D95933A2 /* BTConnectionService.swift in Sources */,
				3FC7102663FAE6E939B82B3E /* BTCommunicationService.swift in Sources */,
				2F74730F1D0FB0960050B0A4 /* ApplicationContext.swift in Sources */,
				3FC71C5C73C7B60EE0E6A39D /* BTResponseHandler.swift in Sources */,
				3FC71BC9F449E9C9A021FBCB /* ParrotRequestProtocol.swift in Sources */,
				3FC710CB503C4402089FC5C6 /* ParrotZikEndpoints.swift in Sources */,
				3FC71DE661D5A6D3354A9663 /* ParrotZik2Api.swift in Sources */,
				2F04D5581D10F39A00423046 /* NSViewExtensions.swift in Sources */,
				2F04D5551D10CA2100423046 /* DisconnectedViewController.swift in Sources */,
				2F74730D1D0F74CE0050B0A4 /* ZikMenuViewController.swift in Sources */,
			);
			runOnlyForDeploymentPostprocessing = 0;
		};
		2FB287AE1C9A3BFD00C4A53E /* Sources */ = {
			isa = PBXSourcesBuildPhase;
			buildActionMask = 2147483647;
			files = (
				3FC71C688BD5CA9499CC15AA /* ZikResponseHandlerTest.swift in Sources */,
			);
			runOnlyForDeploymentPostprocessing = 0;
		};
/* End PBXSourcesBuildPhase section */

/* Begin PBXTargetDependency section */
		2FB287B41C9A3BFD00C4A53E /* PBXTargetDependency */ = {
			isa = PBXTargetDependency;
			target = 2FB287A01C9A3BFD00C4A53E /* ParrotStatus */;
			targetProxy = 2FB287B31C9A3BFD00C4A53E /* PBXContainerItemProxy */;
		};
/* End PBXTargetDependency section */

/* Begin PBXVariantGroup section */
		2FB287AA1C9A3BFD00C4A53E /* Main.storyboard */ = {
			isa = PBXVariantGroup;
			children = (
				2FB287AB1C9A3BFD00C4A53E /* Base */,
			);
			name = Main.storyboard;
			path = views;
			sourceTree = "<group>";
		};
/* End PBXVariantGroup section */

/* Begin XCBuildConfiguration section */
		2FB287C41C9A3BFD00C4A53E /* Debug */ = {
			isa = XCBuildConfiguration;
			buildSettings = {
				ALWAYS_SEARCH_USER_PATHS = NO;
				CLANG_CXX_LANGUAGE_STANDARD = "gnu++0x";
				CLANG_CXX_LIBRARY = "libc++";
				CLANG_ENABLE_MODULES = YES;
				CLANG_ENABLE_OBJC_ARC = YES;
				CLANG_WARN_BOOL_CONVERSION = YES;
				CLANG_WARN_CONSTANT_CONVERSION = YES;
				CLANG_WARN_DIRECT_OBJC_ISA_USAGE = YES_ERROR;
				CLANG_WARN_EMPTY_BODY = YES;
				CLANG_WARN_ENUM_CONVERSION = YES;
				CLANG_WARN_INT_CONVERSION = YES;
				CLANG_WARN_OBJC_ROOT_CLASS = YES_ERROR;
				CLANG_WARN_UNREACHABLE_CODE = YES;
				CLANG_WARN__DUPLICATE_METHOD_MATCH = YES;
				CODE_SIGN_IDENTITY = "-";
				COPY_PHASE_STRIP = NO;
				DEBUG_INFORMATION_FORMAT = dwarf;
				ENABLE_STRICT_OBJC_MSGSEND = YES;
				ENABLE_TESTABILITY = YES;
				GCC_C_LANGUAGE_STANDARD = gnu99;
				GCC_DYNAMIC_NO_PIC = NO;
				GCC_NO_COMMON_BLOCKS = YES;
				GCC_OPTIMIZATION_LEVEL = 0;
				GCC_PREPROCESSOR_DEFINITIONS = (
					"DEBUG=1",
					"$(inherited)",
				);
				GCC_WARN_64_TO_32_BIT_CONVERSION = YES;
				GCC_WARN_ABOUT_RETURN_TYPE = YES_ERROR;
				GCC_WARN_UNDECLARED_SELECTOR = YES;
				GCC_WARN_UNINITIALIZED_AUTOS = YES_AGGRESSIVE;
				GCC_WARN_UNUSED_FUNCTION = YES;
				GCC_WARN_UNUSED_VARIABLE = YES;
				MACOSX_DEPLOYMENT_TARGET = 10.11;
				MTL_ENABLE_DEBUG_INFO = YES;
				ONLY_ACTIVE_ARCH = YES;
				PRODUCT_NAME = ParrotStatus;
				SDKROOT = macosx;
				SWIFT_OPTIMIZATION_LEVEL = "-Onone";
			};
			name = Debug;
		};
		2FB287C51C9A3BFD00C4A53E /* Release */ = {
			isa = XCBuildConfiguration;
			buildSettings = {
				ALWAYS_SEARCH_USER_PATHS = NO;
				CLANG_CXX_LANGUAGE_STANDARD = "gnu++0x";
				CLANG_CXX_LIBRARY = "libc++";
				CLANG_ENABLE_MODULES = YES;
				CLANG_ENABLE_OBJC_ARC = YES;
				CLANG_WARN_BOOL_CONVERSION = YES;
				CLANG_WARN_CONSTANT_CONVERSION = YES;
				CLANG_WARN_DIRECT_OBJC_ISA_USAGE = YES_ERROR;
				CLANG_WARN_EMPTY_BODY = YES;
				CLANG_WARN_ENUM_CONVERSION = YES;
				CLANG_WARN_INT_CONVERSION = YES;
				CLANG_WARN_OBJC_ROOT_CLASS = YES_ERROR;
				CLANG_WARN_UNREACHABLE_CODE = YES;
				CLANG_WARN__DUPLICATE_METHOD_MATCH = YES;
				CODE_SIGN_IDENTITY = "-";
				COPY_PHASE_STRIP = NO;
				DEBUG_INFORMATION_FORMAT = "dwarf-with-dsym";
				ENABLE_NS_ASSERTIONS = NO;
				ENABLE_STRICT_OBJC_MSGSEND = YES;
				GCC_C_LANGUAGE_STANDARD = gnu99;
				GCC_NO_COMMON_BLOCKS = YES;
				GCC_WARN_64_TO_32_BIT_CONVERSION = YES;
				GCC_WARN_ABOUT_RETURN_TYPE = YES_ERROR;
				GCC_WARN_UNDECLARED_SELECTOR = YES;
				GCC_WARN_UNINITIALIZED_AUTOS = YES_AGGRESSIVE;
				GCC_WARN_UNUSED_FUNCTION = YES;
				GCC_WARN_UNUSED_VARIABLE = YES;
				MACOSX_DEPLOYMENT_TARGET = 10.11;
				MTL_ENABLE_DEBUG_INFO = NO;
				PRODUCT_NAME = ParrotStatus;
				SDKROOT = macosx;
			};
			name = Release;
		};
		2FB287C71C9A3BFD00C4A53E /* Debug */ = {
			isa = XCBuildConfiguration;
			baseConfigurationReference = 157A45AE87C38D5711CC58C4 /* Pods-ParrotStatus.debug.xcconfig */;
			buildSettings = {
				ASSETCATALOG_COMPILER_APPICON_NAME = AppIcon;
				COMBINE_HIDPI_IMAGES = YES;
				INFOPLIST_FILE = ParrotStatus/resources/Info.plist;
				LD_RUNPATH_SEARCH_PATHS = "$(inherited) @executable_path/../Frameworks";
				PRODUCT_BUNDLE_IDENTIFIER = "io.urbanhill.Parrot-status";
				PRODUCT_NAME = ParrotStatus;
				SWIFT_OBJC_BRIDGING_HEADER = "ParrotStatus/parrot-bridging-header.h";
			};
			name = Debug;
		};
		2FB287C81C9A3BFD00C4A53E /* Release */ = {
			isa = XCBuildConfiguration;
			baseConfigurationReference = 507EC4DFA842FEC00BC5D70C /* Pods-ParrotStatus.release.xcconfig */;
			buildSettings = {
				ASSETCATALOG_COMPILER_APPICON_NAME = AppIcon;
				COMBINE_HIDPI_IMAGES = YES;
				ENABLE_TESTABILITY = YES;
				INFOPLIST_FILE = ParrotStatus/resources/Info.plist;
				LD_RUNPATH_SEARCH_PATHS = "$(inherited) @executable_path/../Frameworks";
				PRODUCT_BUNDLE_IDENTIFIER = "io.urbanhill.Parrot-status";
				PRODUCT_NAME = ParrotStatus;
				SWIFT_OBJC_BRIDGING_HEADER = "ParrotStatus/parrot-bridging-header.h";
			};
			name = Release;
		};
		2FB287CA1C9A3BFD00C4A53E /* Debug */ = {
			isa = XCBuildConfiguration;
			baseConfigurationReference = 6B37E7D9612B337A8121257B /* Pods-ParrotStatusTests.debug.xcconfig */;
			buildSettings = {
				BUNDLE_LOADER = "$(TEST_HOST)";
				COMBINE_HIDPI_IMAGES = YES;
				INFOPLIST_FILE = ParrotStatusTests/resources/Info.plist;
				LD_RUNPATH_SEARCH_PATHS = "$(inherited) @executable_path/../Frameworks @loader_path/../Frameworks";
				PRODUCT_BUNDLE_IDENTIFIER = "io.urbanhill.Parrot-statusTests";
				PRODUCT_MODULE_NAME = "$(PRODUCT_NAME:c99extidentifier)Tests";
				PRODUCT_NAME = ParrotStatusTests;
				TEST_HOST = "$(BUILT_PRODUCTS_DIR)/ParrotStatus.app/Contents/MacOS/ParrotStatus";
			};
			name = Debug;
		};
		2FB287CB1C9A3BFD00C4A53E /* Release */ = {
			isa = XCBuildConfiguration;
			baseConfigurationReference = 066711D2111939AF9EA36E92 /* Pods-ParrotStatusTests.release.xcconfig */;
			buildSettings = {
				BUNDLE_LOADER = "$(TEST_HOST)";
				COMBINE_HIDPI_IMAGES = YES;
				INFOPLIST_FILE = ParrotStatusTests/resources/Info.plist;
				LD_RUNPATH_SEARCH_PATHS = "$(inherited) @executable_path/../Frameworks @loader_path/../Frameworks";
				PRODUCT_BUNDLE_IDENTIFIER = "io.urbanhill.Parrot-statusTests";
				PRODUCT_MODULE_NAME = "$(PRODUCT_NAME:c99extidentifier)Tests";
				PRODUCT_NAME = ParrotStatusTests;
				TEST_HOST = "$(BUILT_PRODUCTS_DIR)/ParrotStatus.app/Contents/MacOS/ParrotStatus";
			};
			name = Release;
		};
/* End XCBuildConfiguration section */

/* Begin XCConfigurationList section */
		2FB2879C1C9A3BFD00C4A53E /* Build configuration list for PBXProject "ParrotStatus" */ = {
			isa = XCConfigurationList;
			buildConfigurations = (
				2FB287C41C9A3BFD00C4A53E /* Debug */,
				2FB287C51C9A3BFD00C4A53E /* Release */,
			);
			defaultConfigurationIsVisible = 0;
			defaultConfigurationName = Release;
		};
		2FB287C61C9A3BFD00C4A53E /* Build configuration list for PBXNativeTarget "ParrotStatus" */ = {
			isa = XCConfigurationList;
			buildConfigurations = (
				2FB287C71C9A3BFD00C4A53E /* Debug */,
				2FB287C81C9A3BFD00C4A53E /* Release */,
			);
			defaultConfigurationIsVisible = 0;
			defaultConfigurationName = Release;
		};
		2FB287C91C9A3BFD00C4A53E /* Build configuration list for PBXNativeTarget "ParrotStatusTests" */ = {
			isa = XCConfigurationList;
			buildConfigurations = (
				2FB287CA1C9A3BFD00C4A53E /* Debug */,
				2FB287CB1C9A3BFD00C4A53E /* Release */,
			);
			defaultConfigurationIsVisible = 0;
			defaultConfigurationName = Release;
		};
/* End XCConfigurationList section */
	};
	rootObject = 2FB287991C9A3BFD00C4A53E /* Project object */;
}
